// !$*UTF8*$!
{
	archiveVersion = 1;
	classes = {
	};
	objectVersion = 50;
	objects = {

/* Begin PBXBuildFile section */
		164DFDBA245F880800EC67D8 /* AppDelegate.swift in Sources */ = {isa = PBXBuildFile; fileRef = 164DFDB9245F880800EC67D8 /* AppDelegate.swift */; };
		164DFDBC245F880800EC67D8 /* SceneDelegate.swift in Sources */ = {isa = PBXBuildFile; fileRef = 164DFDBB245F880800EC67D8 /* SceneDelegate.swift */; };
		164DFDBE245F880900EC67D8 /* ViewController.swift in Sources */ = {isa = PBXBuildFile; fileRef = 164DFDBD245F880900EC67D8 /* ViewController.swift */; };
		164DFDC1245F880900EC67D8 /* Main.storyboard in Resources */ = {isa = PBXBuildFile; fileRef = 164DFDBF245F880900EC67D8 /* Main.storyboard */; };
		164DFDC3245F880D00EC67D8 /* Assets.xcassets in Resources */ = {isa = PBXBuildFile; fileRef = 164DFDC2245F880D00EC67D8 /* Assets.xcassets */; };
		164DFDC6245F880D00EC67D8 /* LaunchScreen.storyboard in Resources */ = {isa = PBXBuildFile; fileRef = 164DFDC4245F880D00EC67D8 /* LaunchScreen.storyboard */; };
		164DFDD1245F880D00EC67D8 /* Phillips_Final_ProjectTests.swift in Sources */ = {isa = PBXBuildFile; fileRef = 164DFDD0245F880D00EC67D8 /* Phillips_Final_ProjectTests.swift */; };
		164DFDDC245F880D00EC67D8 /* Phillips_Final_ProjectUITests.swift in Sources */ = {isa = PBXBuildFile; fileRef = 164DFDDB245F880D00EC67D8 /* Phillips_Final_ProjectUITests.swift */; };
/* End PBXBuildFile section */

/* Begin PBXContainerItemProxy section */
		164DFDCD245F880D00EC67D8 /* PBXContainerItemProxy */ = {
			isa = PBXContainerItemProxy;
			containerPortal = 164DFDAE245F880800EC67D8 /* Project object */;
			proxyType = 1;
			remoteGlobalIDString = 164DFDB5245F880800EC67D8;
			remoteInfo = "Phillips Final Project";
		};
		164DFDD8245F880D00EC67D8 /* PBXContainerItemProxy */ = {
			isa = PBXContainerItemProxy;
			containerPortal = 164DFDAE245F880800EC67D8 /* Project object */;
			proxyType = 1;
			remoteGlobalIDString = 164DFDB5245F880800EC67D8;
			remoteInfo = "Phillips Final Project";
		};
/* End PBXContainerItemProxy section */

/* Begin PBXFileReference section */
		164DFDB6245F880800EC67D8 /* Phillips Final Project.app */ = {isa = PBXFileReference; explicitFileType = wrapper.application; includeInIndex = 0; path = "Phillips Final Project.app"; sourceTree = BUILT_PRODUCTS_DIR; };
		164DFDB9245F880800EC67D8 /* AppDelegate.swift */ = {isa = PBXFileReference; lastKnownFileType = sourcecode.swift; path = AppDelegate.swift; sourceTree = "<group>"; };
		164DFDBB245F880800EC67D8 /* SceneDelegate.swift */ = {isa = PBXFileReference; lastKnownFileType = sourcecode.swift; path = SceneDelegate.swift; sourceTree = "<group>"; };
		164DFDBD245F880900EC67D8 /* ViewController.swift */ = {isa = PBXFileReference; lastKnownFileType = sourcecode.swift; path = ViewController.swift; sourceTree = "<group>"; };
		164DFDC0245F880900EC67D8 /* Base */ = {isa = PBXFileReference; lastKnownFileType = file.storyboard; name = Base; path = Base.lproj/Main.storyboard; sourceTree = "<group>"; };
		164DFDC2245F880D00EC67D8 /* Assets.xcassets */ = {isa = PBXFileReference; lastKnownFileType = folder.assetcatalog; path = Assets.xcassets; sourceTree = "<group>"; };
		164DFDC5245F880D00EC67D8 /* Base */ = {isa = PBXFileReference; lastKnownFileType = file.storyboard; name = Base; path = Base.lproj/LaunchScreen.storyboard; sourceTree = "<group>"; };
		164DFDC7245F880D00EC67D8 /* Info.plist */ = {isa = PBXFileReference; lastKnownFileType = text.plist.xml; path = Info.plist; sourceTree = "<group>"; };
		164DFDCC245F880D00EC67D8 /* Phillips Final ProjectTests.xctest */ = {isa = PBXFileReference; explicitFileType = wrapper.cfbundle; includeInIndex = 0; path = "Phillips Final ProjectTests.xctest"; sourceTree = BUILT_PRODUCTS_DIR; };
		164DFDD0245F880D00EC67D8 /* Phillips_Final_ProjectTests.swift */ = {isa = PBXFileReference; lastKnownFileType = sourcecode.swift; path = Phillips_Final_ProjectTests.swift; sourceTree = "<group>"; };
		164DFDD2245F880D00EC67D8 /* Info.plist */ = {isa = PBXFileReference; lastKnownFileType = text.plist.xml; path = Info.plist; sourceTree = "<group>"; };
		164DFDD7245F880D00EC67D8 /* Phillips Final ProjectUITests.xctest */ = {isa = PBXFileReference; explicitFileType = wrapper.cfbundle; includeInIndex = 0; path = "Phillips Final ProjectUITests.xctest"; sourceTree = BUILT_PRODUCTS_DIR; };
		164DFDDB245F880D00EC67D8 /* Phillips_Final_ProjectUITests.swift */ = {isa = PBXFileReference; lastKnownFileType = sourcecode.swift; path = Phillips_Final_ProjectUITests.swift; sourceTree = "<group>"; };
		164DFDDD245F880D00EC67D8 /* Info.plist */ = {isa = PBXFileReference; lastKnownFileType = text.plist.xml; path = Info.plist; sourceTree = "<group>"; };
/* End PBXFileReference section */

/* Begin PBXFrameworksBuildPhase section */
		164DFDB3245F880800EC67D8 /* Frameworks */ = {
			isa = PBXFrameworksBuildPhase;
			buildActionMask = 2147483647;
			files = (
			);
			runOnlyForDeploymentPostprocessing = 0;
		};
		164DFDC9245F880D00EC67D8 /* Frameworks */ = {
			isa = PBXFrameworksBuildPhase;
			buildActionMask = 2147483647;
			files = (
			);
			runOnlyForDeploymentPostprocessing = 0;
		};
		164DFDD4245F880D00EC67D8 /* Frameworks */ = {
			isa = PBXFrameworksBuildPhase;
			buildActionMask = 2147483647;
			files = (
			);
			runOnlyForDeploymentPostprocessing = 0;
		};
/* End PBXFrameworksBuildPhase section */

/* Begin PBXGroup section */
		164DFDAD245F880800EC67D8 = {
			isa = PBXGroup;
			children = (
				164DFDB8245F880800EC67D8 /* Phillips Final Project */,
				164DFDCF245F880D00EC67D8 /* Phillips Final ProjectTests */,
				164DFDDA245F880D00EC67D8 /* Phillips Final ProjectUITests */,
				164DFDB7245F880800EC67D8 /* Products */,
			);
			sourceTree = "<group>";
		};
		164DFDB7245F880800EC67D8 /* Products */ = {
			isa = PBXGroup;
			children = (
				164DFDB6245F880800EC67D8 /* Phillips Final Project.app */,
				164DFDCC245F880D00EC67D8 /* Phillips Final ProjectTests.xctest */,
				164DFDD7245F880D00EC67D8 /* Phillips Final ProjectUITests.xctest */,
			);
			name = Products;
			sourceTree = "<group>";
		};
		164DFDB8245F880800EC67D8 /* Phillips Final Project */ = {
			isa = PBXGroup;
			children = (
				164DFDB9245F880800EC67D8 /* AppDelegate.swift */,
				164DFDBB245F880800EC67D8 /* SceneDelegate.swift */,
				164DFDBD245F880900EC67D8 /* ViewController.swift */,
				164DFDBF245F880900EC67D8 /* Main.storyboard */,
				164DFDC2245F880D00EC67D8 /* Assets.xcassets */,
				164DFDC4245F880D00EC67D8 /* LaunchScreen.storyboard */,
				164DFDC7245F880D00EC67D8 /* Info.plist */,
			);
			path = "Phillips Final Project";
			sourceTree = "<group>";
		};
		164DFDCF245F880D00EC67D8 /* Phillips Final ProjectTests */ = {
			isa = PBXGroup;
			children = (
				164DFDD0245F880D00EC67D8 /* Phillips_Final_ProjectTests.swift */,
				164DFDD2245F880D00EC67D8 /* Info.plist */,
			);
			path = "Phillips Final ProjectTests";
			sourceTree = "<group>";
		};
		164DFDDA245F880D00EC67D8 /* Phillips Final ProjectUITests */ = {
			isa = PBXGroup;
			children = (
				164DFDDB245F880D00EC67D8 /* Phillips_Final_ProjectUITests.swift */,
				164DFDDD245F880D00EC67D8 /* Info.plist */,
			);
			path = "Phillips Final ProjectUITests";
			sourceTree = "<group>";
		};
/* End PBXGroup section */

/* Begin PBXNativeTarget section */
		164DFDB5245F880800EC67D8 /* Phillips Final Project */ = {
			isa = PBXNativeTarget;
			buildConfigurationList = 164DFDE0245F880D00EC67D8 /* Build configuration list for PBXNativeTarget "Phillips Final Project" */;
			buildPhases = (
				164DFDB2245F880800EC67D8 /* Sources */,
				164DFDB3245F880800EC67D8 /* Frameworks */,
				164DFDB4245F880800EC67D8 /* Resources */,
			);
			buildRules = (
			);
			dependencies = (
			);
			name = "Phillips Final Project";
			productName = "Phillips Final Project";
			productReference = 164DFDB6245F880800EC67D8 /* Phillips Final Project.app */;
			productType = "com.apple.product-type.application";
		};
		164DFDCB245F880D00EC67D8 /* Phillips Final ProjectTests */ = {
			isa = PBXNativeTarget;
			buildConfigurationList = 164DFDE3245F880D00EC67D8 /* Build configuration list for PBXNativeTarget "Phillips Final ProjectTests" */;
			buildPhases = (
				164DFDC8245F880D00EC67D8 /* Sources */,
				164DFDC9245F880D00EC67D8 /* Frameworks */,
				164DFDCA245F880D00EC67D8 /* Resources */,
			);
			buildRules = (
			);
			dependencies = (
				164DFDCE245F880D00EC67D8 /* PBXTargetDependency */,
			);
			name = "Phillips Final ProjectTests";
			productName = "Phillips Final ProjectTests";
			productReference = 164DFDCC245F880D00EC67D8 /* Phillips Final ProjectTests.xctest */;
			productType = "com.apple.product-type.bundle.unit-test";
		};
		164DFDD6245F880D00EC67D8 /* Phillips Final ProjectUITests */ = {
			isa = PBXNativeTarget;
			buildConfigurationList = 164DFDE6245F880D00EC67D8 /* Build configuration list for PBXNativeTarget "Phillips Final ProjectUITests" */;
			buildPhases = (
				164DFDD3245F880D00EC67D8 /* Sources */,
				164DFDD4245F880D00EC67D8 /* Frameworks */,
				164DFDD5245F880D00EC67D8 /* Resources */,
			);
			buildRules = (
			);
			dependencies = (
				164DFDD9245F880D00EC67D8 /* PBXTargetDependency */,
			);
			name = "Phillips Final ProjectUITests";
			productName = "Phillips Final ProjectUITests";
			productReference = 164DFDD7245F880D00EC67D8 /* Phillips Final ProjectUITests.xctest */;
			productType = "com.apple.product-type.bundle.ui-testing";
		};
/* End PBXNativeTarget section */

/* Begin PBXProject section */
		164DFDAE245F880800EC67D8 /* Project object */ = {
			isa = PBXProject;
			attributes = {
				LastSwiftUpdateCheck = 1130;
				LastUpgradeCheck = 1130;
				ORGANIZATIONNAME = "Grace Phillips";
				TargetAttributes = {
					164DFDB5245F880800EC67D8 = {
						CreatedOnToolsVersion = 11.3.1;
					};
					164DFDCB245F880D00EC67D8 = {
						CreatedOnToolsVersion = 11.3.1;
						TestTargetID = 164DFDB5245F880800EC67D8;
					};
					164DFDD6245F880D00EC67D8 = {
						CreatedOnToolsVersion = 11.3.1;
						TestTargetID = 164DFDB5245F880800EC67D8;
					};
				};
			};
			buildConfigurationList = 164DFDB1245F880800EC67D8 /* Build configuration list for PBXProject "Phillips Final Project" */;
			compatibilityVersion = "Xcode 9.3";
			developmentRegion = en;
			hasScannedForEncodings = 0;
			knownRegions = (
				en,
				Base,
			);
			mainGroup = 164DFDAD245F880800EC67D8;
			productRefGroup = 164DFDB7245F880800EC67D8 /* Products */;
			projectDirPath = "";
			projectRoot = "";
			targets = (
				164DFDB5245F880800EC67D8 /* Phillips Final Project */,
				164DFDCB245F880D00EC67D8 /* Phillips Final ProjectTests */,
				164DFDD6245F880D00EC67D8 /* Phillips Final ProjectUITests */,
			);
		};
/* End PBXProject section */

/* Begin PBXResourcesBuildPhase section */
		164DFDB4245F880800EC67D8 /* Resources */ = {
			isa = PBXResourcesBuildPhase;
			buildActionMask = 2147483647;
			files = (
				164DFDC6245F880D00EC67D8 /* LaunchScreen.storyboard in Resources */,
				164DFDC3245F880D00EC67D8 /* Assets.xcassets in Resources */,
				164DFDC1245F880900EC67D8 /* Main.storyboard in Resources */,
			);
			runOnlyForDeploymentPostprocessing = 0;
		};
		164DFDCA245F880D00EC67D8 /* Resources */ = {
			isa = PBXResourcesBuildPhase;
			buildActionMask = 2147483647;
			files = (
			);
			runOnlyForDeploymentPostprocessing = 0;
		};
		164DFDD5245F880D00EC67D8 /* Resources */ = {
			isa = PBXResourcesBuildPhase;
			buildActionMask = 2147483647;
			files = (
			);
			runOnlyForDeploymentPostprocessing = 0;
		};
/* End PBXResourcesBuildPhase section */

/* Begin PBXSourcesBuildPhase section */
		164DFDB2245F880800EC67D8 /* Sources */ = {
			isa = PBXSourcesBuildPhase;
			buildActionMask = 2147483647;
			files = (
				164DFDBE245F880900EC67D8 /* ViewController.swift in Sources */,
				164DFDBA245F880800EC67D8 /* AppDelegate.swift in Sources */,
				164DFDBC245F880800EC67D8 /* SceneDelegate.swift in Sources */,
			);
			runOnlyForDeploymentPostprocessing = 0;
		};
		164DFDC8245F880D00EC67D8 /* Sources */ = {
			isa = PBXSourcesBuildPhase;
			buildActionMask = 2147483647;
			files = (
				164DFDD1245F880D00EC67D8 /* Phillips_Final_ProjectTests.swift in Sources */,
			);
			runOnlyForDeploymentPostprocessing = 0;
		};
		164DFDD3245F880D00EC67D8 /* Sources */ = {
			isa = PBXSourcesBuildPhase;
			buildActionMask = 2147483647;
			files = (
				164DFDDC245F880D00EC67D8 /* Phillips_Final_ProjectUITests.swift in Sources */,
			);
			runOnlyForDeploymentPostprocessing = 0;
		};
/* End PBXSourcesBuildPhase section */

/* Begin PBXTargetDependency section */
		164DFDCE245F880D00EC67D8 /* PBXTargetDependency */ = {
			isa = PBXTargetDependency;
			target = 164DFDB5245F880800EC67D8 /* Phillips Final Project */;
			targetProxy = 164DFDCD245F880D00EC67D8 /* PBXContainerItemProxy */;
		};
		164DFDD9245F880D00EC67D8 /* PBXTargetDependency */ = {
			isa = PBXTargetDependency;
			target = 164DFDB5245F880800EC67D8 /* Phillips Final Project */;
			targetProxy = 164DFDD8245F880D00EC67D8 /* PBXContainerItemProxy */;
		};
/* End PBXTargetDependency section */

/* Begin PBXVariantGroup section */
		164DFDBF245F880900EC67D8 /* Main.storyboard */ = {
			isa = PBXVariantGroup;
			children = (
				164DFDC0245F880900EC67D8 /* Base */,
			);
			name = Main.storyboard;
			sourceTree = "<group>";
		};
		164DFDC4245F880D00EC67D8 /* LaunchScreen.storyboard */ = {
			isa = PBXVariantGroup;
			children = (
				164DFDC5245F880D00EC67D8 /* Base */,
			);
			name = LaunchScreen.storyboard;
			sourceTree = "<group>";
		};
/* End PBXVariantGroup section */

/* Begin XCBuildConfiguration section */
		164DFDDE245F880D00EC67D8 /* Debug */ = {
			isa = XCBuildConfiguration;
			buildSettings = {
				ALWAYS_SEARCH_USER_PATHS = NO;
				CLANG_ANALYZER_NONNULL = YES;
				CLANG_ANALYZER_NUMBER_OBJECT_CONVERSION = YES_AGGRESSIVE;
				CLANG_CXX_LANGUAGE_STANDARD = "gnu++14";
				CLANG_CXX_LIBRARY = "libc++";
				CLANG_ENABLE_MODULES = YES;
				CLANG_ENABLE_OBJC_ARC = YES;
				CLANG_ENABLE_OBJC_WEAK = YES;
				CLANG_WARN_BLOCK_CAPTURE_AUTORELEASING = YES;
				CLANG_WARN_BOOL_CONVERSION = YES;
				CLANG_WARN_COMMA = YES;
				CLANG_WARN_CONSTANT_CONVERSION = YES;
				CLANG_WARN_DEPRECATED_OBJC_IMPLEMENTATIONS = YES;
				CLANG_WARN_DIRECT_OBJC_ISA_USAGE = YES_ERROR;
				CLANG_WARN_DOCUMENTATION_COMMENTS = YES;
				CLANG_WARN_EMPTY_BODY = YES;
				CLANG_WARN_ENUM_CONVERSION = YES;
				CLANG_WARN_INFINITE_RECURSION = YES;
				CLANG_WARN_INT_CONVERSION = YES;
				CLANG_WARN_NON_LITERAL_NULL_CONVERSION = YES;
				CLANG_WARN_OBJC_IMPLICIT_RETAIN_SELF = YES;
				CLANG_WARN_OBJC_LITERAL_CONVERSION = YES;
				CLANG_WARN_OBJC_ROOT_CLASS = YES_ERROR;
				CLANG_WARN_RANGE_LOOP_ANALYSIS = YES;
				CLANG_WARN_STRICT_PROTOTYPES = YES;
				CLANG_WARN_SUSPICIOUS_MOVE = YES;
				CLANG_WARN_UNGUARDED_AVAILABILITY = YES_AGGRESSIVE;
				CLANG_WARN_UNREACHABLE_CODE = YES;
				CLANG_WARN__DUPLICATE_METHOD_MATCH = YES;
				COPY_PHASE_STRIP = NO;
				DEBUG_INFORMATION_FORMAT = dwarf;
				ENABLE_STRICT_OBJC_MSGSEND = YES;
				ENABLE_TESTABILITY = YES;
				GCC_C_LANGUAGE_STANDARD = gnu11;
				GCC_DYNAMIC_NO_PIC = NO;
				GCC_NO_COMMON_BLOCKS = YES;
				GCC_OPTIMIZATION_LEVEL = 0;
				GCC_PREPROCESSOR_DEFINITIONS = (
					"DEBUG=1",
					"$(inherited)",
				);
				GCC_WARN_64_TO_32_BIT_CONVERSION = YES;
				GCC_WARN_ABOUT_RETURN_TYPE = YES_ERROR;
				GCC_WARN_UNDECLARED_SELECTOR = YES;
				GCC_WARN_UNINITIALIZED_AUTOS = YES_AGGRESSIVE;
				GCC_WARN_UNUSED_FUNCTION = YES;
				GCC_WARN_UNUSED_VARIABLE = YES;
				IPHONEOS_DEPLOYMENT_TARGET = 13.2;
				MTL_ENABLE_DEBUG_INFO = INCLUDE_SOURCE;
				MTL_FAST_MATH = YES;
				ONLY_ACTIVE_ARCH = YES;
				SDKROOT = iphoneos;
				SWIFT_ACTIVE_COMPILATION_CONDITIONS = DEBUG;
				SWIFT_OPTIMIZATION_LEVEL = "-Onone";
			};
			name = Debug;
		};
		164DFDDF245F880D00EC67D8 /* Release */ = {
			isa = XCBuildConfiguration;
			buildSettings = {
				ALWAYS_SEARCH_USER_PATHS = NO;
				CLANG_ANALYZER_NONNULL = YES;
				CLANG_ANALYZER_NUMBER_OBJECT_CONVERSION = YES_AGGRESSIVE;
				CLANG_CXX_LANGUAGE_STANDARD = "gnu++14";
				CLANG_CXX_LIBRARY = "libc++";
				CLANG_ENABLE_MODULES = YES;
				CLANG_ENABLE_OBJC_ARC = YES;
				CLANG_ENABLE_OBJC_WEAK = YES;
				CLANG_WARN_BLOCK_CAPTURE_AUTORELEASING = YES;
				CLANG_WARN_BOOL_CONVERSION = YES;
				CLANG_WARN_COMMA = YES;
				CLANG_WARN_CONSTANT_CONVERSION = YES;
				CLANG_WARN_DEPRECATED_OBJC_IMPLEMENTATIONS = YES;
				CLANG_WARN_DIRECT_OBJC_ISA_USAGE = YES_ERROR;
				CLANG_WARN_DOCUMENTATION_COMMENTS = YES;
				CLANG_WARN_EMPTY_BODY = YES;
				CLANG_WARN_ENUM_CONVERSION = YES;
				CLANG_WARN_INFINITE_RECURSION = YES;
				CLANG_WARN_INT_CONVERSION = YES;
				CLANG_WARN_NON_LITERAL_NULL_CONVERSION = YES;
				CLANG_WARN_OBJC_IMPLICIT_RETAIN_SELF = YES;
				CLANG_WARN_OBJC_LITERAL_CONVERSION = YES;
				CLANG_WARN_OBJC_ROOT_CLASS = YES_ERROR;
				CLANG_WARN_RANGE_LOOP_ANALYSIS = YES;
				CLANG_WARN_STRICT_PROTOTYPES = YES;
				CLANG_WARN_SUSPICIOUS_MOVE = YES;
				CLANG_WARN_UNGUARDED_AVAILABILITY = YES_AGGRESSIVE;
				CLANG_WARN_UNREACHABLE_CODE = YES;
				CLANG_WARN__DUPLICATE_METHOD_MATCH = YES;
				COPY_PHASE_STRIP = NO;
				DEBUG_INFORMATION_FORMAT = "dwarf-with-dsym";
				ENABLE_NS_ASSERTIONS = NO;
				ENABLE_STRICT_OBJC_MSGSEND = YES;
				GCC_C_LANGUAGE_STANDARD = gnu11;
				GCC_NO_COMMON_BLOCKS = YES;
				GCC_WARN_64_TO_32_BIT_CONVERSION = YES;
				GCC_WARN_ABOUT_RETURN_TYPE = YES_ERROR;
				GCC_WARN_UNDECLARED_SELECTOR = YES;
				GCC_WARN_UNINITIALIZED_AUTOS = YES_AGGRESSIVE;
				GCC_WARN_UNUSED_FUNCTION = YES;
				GCC_WARN_UNUSED_VARIABLE = YES;
				IPHONEOS_DEPLOYMENT_TARGET = 13.2;
				MTL_ENABLE_DEBUG_INFO = NO;
				MTL_FAST_MATH = YES;
				SDKROOT = iphoneos;
				SWIFT_COMPILATION_MODE = wholemodule;
				SWIFT_OPTIMIZATION_LEVEL = "-O";
				VALIDATE_PRODUCT = YES;
			};
			name = Release;
		};
		164DFDE1245F880D00EC67D8 /* Debug */ = {
			isa = XCBuildConfiguration;
			buildSettings = {
				ASSETCATALOG_COMPILER_APPICON_NAME = AppIcon;
				CODE_SIGN_STYLE = Automatic;
				DEVELOPMENT_TEAM = YXFWKZGR7Q;
				INFOPLIST_FILE = "Phillips Final Project/Info.plist";
				LD_RUNPATH_SEARCH_PATHS = (
					"$(inherited)",
					"@executable_path/Frameworks",
				);
				PRODUCT_BUNDLE_IDENTIFIER = "gphillips.Phillips-Final-Project";
				PRODUCT_NAME = "$(TARGET_NAME)";
				SWIFT_VERSION = 5.0;
				TARGETED_DEVICE_FAMILY = "1,2";
			};
			name = Debug;
		};
		164DFDE2245F880D00EC67D8 /* Release */ = {
			isa = XCBuildConfiguration;
			buildSettings = {
				ASSETCATALOG_COMPILER_APPICON_NAME = AppIcon;
				CODE_SIGN_STYLE = Automatic;
				DEVELOPMENT_TEAM = YXFWKZGR7Q;
				INFOPLIST_FILE = "Phillips Final Project/Info.plist";
				LD_RUNPATH_SEARCH_PATHS = (
					"$(inherited)",
					"@executable_path/Frameworks",
				);
				PRODUCT_BUNDLE_IDENTIFIER = "gphillips.Phillips-Final-Project";
				PRODUCT_NAME = "$(TARGET_NAME)";
				SWIFT_VERSION = 5.0;
				TARGETED_DEVICE_FAMILY = "1,2";
			};
			name = Release;
		};
		164DFDE4245F880D00EC67D8 /* Debug */ = {
			isa = XCBuildConfiguration;
			buildSettings = {
				ALWAYS_EMBED_SWIFT_STANDARD_LIBRARIES = YES;
				BUNDLE_LOADER = "$(TEST_HOST)";
				CODE_SIGN_STYLE = Automatic;
				DEVELOPMENT_TEAM = YXFWKZGR7Q;
				INFOPLIST_FILE = "Phillips Final ProjectTests/Info.plist";
				IPHONEOS_DEPLOYMENT_TARGET = 13.2;
				LD_RUNPATH_SEARCH_PATHS = (
					"$(inherited)",
					"@executable_path/Frameworks",
					"@loader_path/Frameworks",
				);
				PRODUCT_BUNDLE_IDENTIFIER = "gphillips.Phillips-Final-ProjectTests";
				PRODUCT_NAME = "$(TARGET_NAME)";
				SWIFT_VERSION = 5.0;
				TARGETED_DEVICE_FAMILY = "1,2";
				TEST_HOST = "$(BUILT_PRODUCTS_DIR)/Phillips Final Project.app/Phillips Final Project";
			};
			name = Debug;
		};
		164DFDE5245F880D00EC67D8 /* Release */ = {
			isa = XCBuildConfiguration;
			buildSettings = {
				ALWAYS_EMBED_SWIFT_STANDARD_LIBRARIES = YES;
				BUNDLE_LOADER = "$(TEST_HOST)";
				CODE_SIGN_STYLE = Automatic;
				DEVELOPMENT_TEAM = YXFWKZGR7Q;
				INFOPLIST_FILE = "Phillips Final ProjectTests/Info.plist";
				IPHONEOS_DEPLOYMENT_TARGET = 13.2;
				LD_RUNPATH_SEARCH_PATHS = (
					"$(inherited)",
					"@executable_path/Frameworks",
					"@loader_path/Frameworks",
				);
				PRODUCT_BUNDLE_IDENTIFIER = "gphillips.Phillips-Final-ProjectTests";
				PRODUCT_NAME = "$(TARGET_NAME)";
				SWIFT_VERSION = 5.0;
				TARGETED_DEVICE_FAMILY = "1,2";
				TEST_HOST = "$(BUILT_PRODUCTS_DIR)/Phillips Final Project.app/Phillips Final Project";
			};
			name = Release;
		};
		164DFDE7245F880D00EC67D8 /* Debug */ = {
			isa = XCBuildConfiguration;
			buildSettings = {
				ALWAYS_EMBED_SWIFT_STANDARD_LIBRARIES = YES;
				CODE_SIGN_STYLE = Automatic;
				DEVELOPMENT_TEAM = YXFWKZGR7Q;
				INFOPLIST_FILE = "Phillips Final ProjectUITests/Info.plist";
				LD_RUNPATH_SEARCH_PATHS = (
					"$(inherited)",
					"@executable_path/Frameworks",
					"@loader_path/Frameworks",
				);
				PRODUCT_BUNDLE_IDENTIFIER = "gphillips.Phillips-Final-ProjectUITests";
				PRODUCT_NAME = "$(TARGET_NAME)";
				SWIFT_VERSION = 5.0;
				TARGETED_DEVICE_FAMILY = "1,2";
				TEST_TARGET_NAME = "Phillips Final Project";
			};
			name = Debug;
		};
		164DFDE8245F880D00EC67D8 /* Release */ = {
			isa = XCBuildConfiguration;
			buildSettings = {
				ALWAYS_EMBED_SWIFT_STANDARD_LIBRARIES = YES;
				CODE_SIGN_STYLE = Automatic;
				DEVELOPMENT_TEAM = YXFWKZGR7Q;
				INFOPLIST_FILE = "Phillips Final ProjectUITests/Info.plist";
				LD_RUNPATH_SEARCH_PATHS = (
					"$(inherited)",
					"@executable_path/Frameworks",
					"@loader_path/Frameworks",
				);
				PRODUCT_BUNDLE_IDENTIFIER = "gphillips.Phillips-Final-ProjectUITests";
				PRODUCT_NAME = "$(TARGET_NAME)";
				SWIFT_VERSION = 5.0;
				TARGETED_DEVICE_FAMILY = "1,2";
				TEST_TARGET_NAME = "Phillips Final Project";
			};
			name = Release;
		};
/* End XCBuildConfiguration section */

/* Begin XCConfigurationList section */
		164DFDB1245F880800EC67D8 /* Build configuration list for PBXProject "Phillips Final Project" */ = {
			isa = XCConfigurationList;
			buildConfigurations = (
				164DFDDE245F880D00EC67D8 /* Debug */,
				164DFDDF245F880D00EC67D8 /* Release */,
			);
			defaultConfigurationIsVisible = 0;
			defaultConfigurationName = Release;
		};
		164DFDE0245F880D00EC67D8 /* Build configuration list for PBXNativeTarget "Phillips Final Project" */ = {
			isa = XCConfigurationList;
			buildConfigurations = (
				164DFDE1245F880D00EC67D8 /* Debug */,
				164DFDE2245F880D00EC67D8 /* Release */,
			);
			defaultConfigurationIsVisible = 0;
			defaultConfigurationName = Release;
		};
		164DFDE3245F880D00EC67D8 /* Build configuration list for PBXNativeTarget "Phillips Final ProjectTests" */ = {
			isa = XCConfigurationList;
			buildConfigurations = (
				164DFDE4245F880D00EC67D8 /* Debug */,
				164DFDE5245F880D00EC67D8 /* Release */,
			);
			defaultConfigurationIsVisible = 0;
			defaultConfigurationName = Release;
		};
		164DFDE6245F880D00EC67D8 /* Build configuration list for PBXNativeTarget "Phillips Final ProjectUITests" */ = {
			isa = XCConfigurationList;
			buildConfigurations = (
				164DFDE7245F880D00EC67D8 /* Debug */,
				164DFDE8245F880D00EC67D8 /* Release */,
			);
			defaultConfigurationIsVisible = 0;
			defaultConfigurationName = Release;
		};
/* End XCConfigurationList section */
	};
	rootObject = 164DFDAE245F880800EC67D8 /* Project object */;
}
